
Microsoft Visual Studio Solution File, Format Version 12.00
# Visual Studio 15
VisualStudioVersion = 15.0.28307.1525
MinimumVisualStudioVersion = 10.0.40219.1
Project("{8BC9CEB8-8B4A-11D0-8D11-00A0C91BC942}") = "AoC_Day06", "AoC_Day06\AoC_Day06.vcxproj", "{AC8F5A12-F52B-4DE6-AC75-CA9CB4639C12}"
EndProject
Global
	GlobalSection(SolutionConfigurationPlatforms) = preSolution
		Debug|x64 = Debug|x64
		Debug|x86 = Debug|x86
		Release|x64 = Release|x64
		Release|x86 = Release|x86
	EndGlobalSection
	GlobalSection(ProjectConfigurationPlatforms) = postSolution
		{AC8F5A12-F52B-4DE6-AC75-CA9CB4639C12}.Debug|x64.ActiveCfg = Debug|x64
		{AC8F5A12-F52B-4DE6-AC75-CA9CB4639C12}.Debug|x64.Build.0 = Debug|x64
		{AC8F5A12-F52B-4DE6-AC75-CA9CB4639C12}.Debug|x86.ActiveCfg = Debug|Win32
		{AC8F5A12-F52B-4DE6-AC75-CA9CB4639C12}.Debug|x86.Build.0 = Debug|Win32
		{AC8F5A12-F52B-4DE6-AC75-CA9CB4639C12}.Release|x64.ActiveCfg = Release|x64
		{AC8F5A12-F52B-4DE6-AC75-CA9CB4639C12}.Release|x64.Build.0 = Release|x64
		{AC8F5A12-F52B-4DE6-AC75-CA9CB4639C12}.Release|x86.ActiveCfg = Release|Win32
		{AC8F5A12-F52B-4DE6-AC75-CA9CB4639C12}.Release|x86.Build.0 = Release|Win32
	EndGlobalSection
	GlobalSection(SolutionProperties) = preSolution
		HideSolutionNode = FALSE
	EndGlobalSection
	GlobalSection(ExtensibilityGlobals) = postSolution
		SolutionGuid = {4B82AFBE-A1E8-43D9-B91F-723C60125ABA}
	EndGlobalSection
EndGlobal
