
Microsoft Visual Studio Solution File, Format Version 12.00
# Visual Studio 15
VisualStudioVersion = 15.0.28307.1525
MinimumVisualStudioVersion = 10.0.40219.1
Project("{8BC9CEB8-8B4A-11D0-8D11-00A0C91BC942}") = "AoC_Day05", "AoC_Day05\AoC_Day05.vcxproj", "{8253A042-F237-4EBC-8717-A6B230A96897}"
EndProject
Global
	GlobalSection(SolutionConfigurationPlatforms) = preSolution
		Debug|x64 = Debug|x64
		Debug|x86 = Debug|x86
		Release|x64 = Release|x64
		Release|x86 = Release|x86
	EndGlobalSection
	GlobalSection(ProjectConfigurationPlatforms) = postSolution
		{8253A042-F237-4EBC-8717-A6B230A96897}.Debug|x64.ActiveCfg = Debug|x64
		{8253A042-F237-4EBC-8717-A6B230A96897}.Debug|x64.Build.0 = Debug|x64
		{8253A042-F237-4EBC-8717-A6B230A96897}.Debug|x86.ActiveCfg = Debug|Win32
		{8253A042-F237-4EBC-8717-A6B230A96897}.Debug|x86.Build.0 = Debug|Win32
		{8253A042-F237-4EBC-8717-A6B230A96897}.Release|x64.ActiveCfg = Release|x64
		{8253A042-F237-4EBC-8717-A6B230A96897}.Release|x64.Build.0 = Release|x64
		{8253A042-F237-4EBC-8717-A6B230A96897}.Release|x86.ActiveCfg = Release|Win32
		{8253A042-F237-4EBC-8717-A6B230A96897}.Release|x86.Build.0 = Release|Win32
	EndGlobalSection
	GlobalSection(SolutionProperties) = preSolution
		HideSolutionNode = FALSE
	EndGlobalSection
	GlobalSection(ExtensibilityGlobals) = postSolution
		SolutionGuid = {98610D9D-7981-44B4-9FB6-EB12B439F8C7}
	EndGlobalSection
EndGlobal
