<?xml version="1.0" encoding="utf-8"?>
<Project ToolsVersion="4.0" xmlns="http://schemas.microsoft.com/developer/msbuild/2003">
  <ItemGroup>
    <Filter Include="Source Files">
      <UniqueIdentifier>{4FC737F1-C7A5-4376-A066-2A32D752A2FF}</UniqueIdentifier>
      <Extensions>cpp;c;cc;cxx;def;odl;idl;hpj;bat;asm;asmx</Extensions>
    </Filter>
    <Filter Include="Header Files">
      <UniqueIdentifier>{93995380-89BD-4b04-88EB-625FBE52EBFB}</UniqueIdentifier>
      <Extensions>h;hh;hpp;hxx;hm;inl;inc;ipp;xsd</Extensions>
    </Filter>
    <Filter Include="Resource Files">
      <UniqueIdentifier>{67DA6AB6-F800-4c08-8B7A-83BB121AAD01}</UniqueIdentifier>
      <Extensions>rc;ico;cur;bmp;dlg;rc2;rct;bin;rgs;gif;jpg;jpeg;jpe;resx;tiff;tif;png;wav;mfcribbon-ms</Extensions>
    </Filter>
    <Filter Include="Day 01">
      <UniqueIdentifier>{343dbf10-8f9a-4924-9e2e-afee0ec3bf4a}</UniqueIdentifier>
    </Filter>
    <Filter Include="Day 02">
      <UniqueIdentifier>{510b47ba-2928-4ce8-a61e-56951fff6897}</UniqueIdentifier>
    </Filter>
    <Filter Include="Day 03">
      <UniqueIdentifier>{29df68d1-8e10-4db9-b704-5bb02eef9388}</UniqueIdentifier>
    </Filter>
    <Filter Include="Day 04">
      <UniqueIdentifier>{6ed16a9c-d287-48e1-b5c5-42ca7c70010e}</UniqueIdentifier>
    </Filter>
    <Filter Include="Day 05">
      <UniqueIdentifier>{fac0cf22-353e-4993-9578-13772d00bdc8}</UniqueIdentifier>
    </Filter>
    <Filter Include="Day 06">
      <UniqueIdentifier>{74ec16e8-2158-458a-bdac-5f1151d31295}</UniqueIdentifier>
    </Filter>
    <Filter Include="Day 07">
      <UniqueIdentifier>{c919ddb7-f158-4e79-a4ca-1a5fe7e52280}</UniqueIdentifier>
    </Filter>
    <Filter Include="Day 08">
      <UniqueIdentifier>{6a5a69e5-1bb8-4578-8d95-c15482bfbcbb}</UniqueIdentifier>
    </Filter>
    <Filter Include="Day 09">
      <UniqueIdentifier>{dc8edc72-a281-4418-9a5d-75501c586a63}</UniqueIdentifier>
    </Filter>
    <Filter Include="Day 10">
      <UniqueIdentifier>{3a45bdfa-c7e6-4312-82ec-8b49c3ae2349}</UniqueIdentifier>
    </Filter>
    <Filter Include="Day 11">
      <UniqueIdentifier>{90269a92-3716-4ce2-9704-66f483885421}</UniqueIdentifier>
    </Filter>
    <Filter Include="Day 12">
      <UniqueIdentifier>{29510a81-3612-490b-8bd1-383d51d537e7}</UniqueIdentifier>
    </Filter>
    <Filter Include="Day 13">
      <UniqueIdentifier>{0286b2f4-d909-4f22-b5c6-be8a12f3725b}</UniqueIdentifier>
    </Filter>
    <Filter Include="Day 14">
      <UniqueIdentifier>{afeede0a-ba63-4778-82af-f92cb1be6d20}</UniqueIdentifier>
    </Filter>
    <Filter Include="Day 15">
      <UniqueIdentifier>{388f9e00-6457-4920-beee-4fad1a9c5496}</UniqueIdentifier>
    </Filter>
    <Filter Include="Day 16">
      <UniqueIdentifier>{c31a9535-48e8-4fbb-ba17-babd5aeee558}</UniqueIdentifier>
    </Filter>
    <Filter Include="Day 17">
      <UniqueIdentifier>{b9541dab-ba3f-42f9-8c6a-6e0aacd336a7}</UniqueIdentifier>
    </Filter>
    <Filter Include="Day 18">
      <UniqueIdentifier>{6e66067f-3963-4c19-86ef-bff8f97083cd}</UniqueIdentifier>
    </Filter>
    <Filter Include="Day 20">
      <UniqueIdentifier>{b3f551d7-3b94-41e7-806f-4f419e48147f}</UniqueIdentifier>
    </Filter>
    <Filter Include="Day 21">
      <UniqueIdentifier>{393f4c08-1c66-461d-a28b-7d2939658e3c}</UniqueIdentifier>
    </Filter>
    <Filter Include="Day 22">
      <UniqueIdentifier>{c8f5bb18-da53-4af2-9607-272d5bbdaa82}</UniqueIdentifier>
    </Filter>
    <Filter Include="Day 25">
      <UniqueIdentifier>{8a98d792-1f1d-424b-b0b2-218c4470231a}</UniqueIdentifier>
    </Filter>
  </ItemGroup>
  <ItemGroup>
    <ClCompile Include="AoC_2021_main.cpp">
      <Filter>Source Files</Filter>
    </ClCompile>
    <ClCompile Include="input_retrieval\input_retrieval.cpp">
      <Filter>Source Files</Filter>
    </ClCompile>
    <ClCompile Include="..\AoC_Common\Parsing.cpp">
      <Filter>Source Files</Filter>
    </ClCompile>
    <ClCompile Include="..\AoC_Day01\aoc_day_01.cpp">
      <Filter>Day 01</Filter>
    </ClCompile>
    <ClCompile Include="..\AoC_Day02\aoc_day_02.cpp">
      <Filter>Day 02</Filter>
    </ClCompile>
    <ClCompile Include="..\AoC_Day02\Navigation.cpp">
      <Filter>Day 02</Filter>
    </ClCompile>
    <ClCompile Include="..\AoC_Day03\aoc_day_03.cpp">
      <Filter>Day 03</Filter>
    </ClCompile>
    <ClCompile Include="..\AoC_Day03\Binary.cpp">
      <Filter>Day 03</Filter>
    </ClCompile>
    <ClCompile Include="..\AoC_Day04\Bingo.cpp">
      <Filter>Day 04</Filter>
    </ClCompile>
    <ClCompile Include="..\AoC_Day04\aoc_day_04.cpp">
      <Filter>Day 04</Filter>
    </ClCompile>
    <ClCompile Include="..\AoC_Day05\aoc_day_05.cpp">
      <Filter>Day 05</Filter>
    </ClCompile>
    <ClCompile Include="..\AoC_Day05\SteamVents.cpp">
      <Filter>Day 05</Filter>
    </ClCompile>
    <ClCompile Include="..\AoC_Day06\aoc_day_06.cpp">
      <Filter>Day 06</Filter>
    </ClCompile>
    <ClCompile Include="..\AoC_Day06\LanternFish.cpp">
      <Filter>Day 06</Filter>
    </ClCompile>
    <ClCompile Include="..\AoC_Day07\aoc_day_07.cpp">
      <Filter>Day 07</Filter>
    </ClCompile>
    <ClCompile Include="..\AoC_Day07\CrabSubmarines.cpp">
      <Filter>Day 07</Filter>
    </ClCompile>
    <ClCompile Include="..\AoC_Day08\aoc_day_08.cpp">
      <Filter>Day 08</Filter>
    </ClCompile>
    <ClCompile Include="..\AoC_Day08\SevenSegment.cpp">
      <Filter>Day 08</Filter>
    </ClCompile>
    <ClCompile Include="..\AoC_Day09\aoc_day_09.cpp">
      <Filter>Day 09</Filter>
    </ClCompile>
    <ClCompile Include="..\AoC_Day09\Heightmap.cpp">
      <Filter>Day 09</Filter>
    </ClCompile>
    <ClCompile Include="..\AoC_Day10\aoc_day_10.cpp">
      <Filter>Day 10</Filter>
    </ClCompile>
    <ClCompile Include="..\AoC_Day10\Bracket_Syntax.cpp">
      <Filter>Day 10</Filter>
    </ClCompile>
    <ClCompile Include="..\AoC_Day11\aoc_day_11.cpp">
      <Filter>Day 11</Filter>
    </ClCompile>
    <ClCompile Include="..\AoC_Day11\Dumbo_Octopus.cpp">
      <Filter>Day 11</Filter>
    </ClCompile>
    <ClCompile Include="..\AoC_Day12\aoc_day_12.cpp">
      <Filter>Day 12</Filter>
    </ClCompile>
    <ClCompile Include="..\AoC_Day12\cave_routing.cpp">
      <Filter>Day 12</Filter>
    </ClCompile>
    <ClCompile Include="..\AoC_Day13\aoc_day_13.cpp">
      <Filter>Day 13</Filter>
    </ClCompile>
    <ClCompile Include="..\AoC_Day13\Paper.cpp">
      <Filter>Day 13</Filter>
    </ClCompile>
    <ClCompile Include="..\AoC_Day14\aoc_day_14.cpp">
      <Filter>Day 14</Filter>
    </ClCompile>
    <ClCompile Include="..\AoC_Day14\Polymers.cpp">
      <Filter>Day 14</Filter>
    </ClCompile>
    <ClCompile Include="..\AoC_Day15\aoc_day_15.cpp">
      <Filter>Day 15</Filter>
    </ClCompile>
    <ClCompile Include="..\AoC_Day15\chiton.cpp">
      <Filter>Day 15</Filter>
    </ClCompile>
    <ClCompile Include="..\AoC_Day16\aoc_day_16.cpp">
      <Filter>Day 16</Filter>
    </ClCompile>
    <ClCompile Include="..\AoC_Day16\packet_parser.cpp">
      <Filter>Day 16</Filter>
    </ClCompile>
    <ClCompile Include="..\AoC_Day17\aoc_day_17.cpp">
      <Filter>Day 17</Filter>
    </ClCompile>
    <ClCompile Include="..\AoC_Day17\ProbeLauncher.cpp">
      <Filter>Day 17</Filter>
    </ClCompile>
    <ClCompile Include="..\AoC_Day18\aoc_day_18.cpp">
      <Filter>Day 18</Filter>
    </ClCompile>
    <ClCompile Include="..\AoC_Day18\Snailfish.cpp">
      <Filter>Day 18</Filter>
    </ClCompile>
    <ClCompile Include="..\AoC_Day20\aoc_day_20.cpp">
      <Filter>Day 20</Filter>
    </ClCompile>
    <ClCompile Include="..\AoC_Day20\ImageEnhancement.cpp">
      <Filter>Day 20</Filter>
    </ClCompile>
    <ClCompile Include="..\AoC_Day21\aoc_day_21.cpp">
      <Filter>Day 21</Filter>
    </ClCompile>
    <ClCompile Include="..\AoC_Day21\Dirac.cpp">
      <Filter>Day 21</Filter>
    </ClCompile>
    <ClCompile Include="..\AoC_Day22\Reactor.cpp">
      <Filter>Day 22</Filter>
    </ClCompile>
    <ClCompile Include="..\AoC_Day22\aoc_day_22.cpp">
      <Filter>Day 22</Filter>
    </ClCompile>
    <ClCompile Include="..\AoC_Day25\aoc_day_25.cpp">
      <Filter>Day 25</Filter>
    </ClCompile>
    <ClCompile Include="..\AoC_Day25\Cucumber.cpp">
      <Filter>Day 25</Filter>
    </ClCompile>
  </ItemGroup>
  <ItemGroup>
    <ClInclude Include="..\AoC_Common\aoc_common_types.h">
      <Filter>Header Files</Filter>
    </ClInclude>
    <ClInclude Include="input_retrieval\input_retrieval.h">
      <Filter>Header Files</Filter>
    </ClInclude>
    <ClInclude Include="puzzle_solvers\puzzle_solvers.h">
      <Filter>Header Files</Filter>
    </ClInclude>
    <ClInclude Include="..\AoC_Common\Parsing.h">
      <Filter>Header Files</Filter>
    </ClInclude>
    <ClInclude Include="..\AoC_Day02\Navigation.h">
      <Filter>Day 02</Filter>
    </ClInclude>
    <ClInclude Include="..\AoC_Day03\Binary.h">
      <Filter>Day 03</Filter>
    </ClInclude>
    <ClInclude Include="..\AoC_Day04\Bingo.h">
      <Filter>Day 04</Filter>
    </ClInclude>
    <ClInclude Include="..\AoC_Day05\SteamVents.h">
      <Filter>Day 05</Filter>
    </ClInclude>
    <ClInclude Include="..\AoC_Day06\LanternFish.h">
      <Filter>Day 06</Filter>
    </ClInclude>
    <ClInclude Include="..\AoC_Day07\CrabSubmarines.h">
      <Filter>Day 07</Filter>
    </ClInclude>
    <ClInclude Include="..\AoC_Day08\SevenSegment.h">
      <Filter>Day 08</Filter>
    </ClInclude>
    <ClInclude Include="..\AoC_Day09\Heightmap.h">
      <Filter>Day 09</Filter>
    </ClInclude>
    <ClInclude Include="..\AoC_Common\grid_utils.h">
      <Filter>Header Files</Filter>
    </ClInclude>
    <ClInclude Include="..\AoC_Common\Wrangling.h">
      <Filter>Header Files</Filter>
    </ClInclude>
    <ClInclude Include="..\AoC_Day10\Bracket_Syntax.h">
      <Filter>Day 10</Filter>
    </ClInclude>
    <ClInclude Include="..\AoC_Day11\Dumbo_Octopus.h">
      <Filter>Day 11</Filter>
    </ClInclude>
    <ClInclude Include="..\AoC_Day12\cave_routing.h">
      <Filter>Day 12</Filter>
    </ClInclude>
    <ClInclude Include="..\AoC_Day13\Paper.h">
      <Filter>Day 13</Filter>
    </ClInclude>
    <ClInclude Include="..\AoC_Day14\Polymers.h">
      <Filter>Day 14</Filter>
    </ClInclude>
    <ClInclude Include="..\AoC_Day15\chiton.h">
      <Filter>Day 15</Filter>
    </ClInclude>
    <ClInclude Include="..\AoC_Day16\packet_parser.h">
      <Filter>Day 16</Filter>
    </ClInclude>
    <ClInclude Include="..\AoC_Day17\ProbeLauncher.h">
      <Filter>Day 17</Filter>
    </ClInclude>
    <ClInclude Include="..\AoC_Day18\Snailfish.h">
      <Filter>Day 18</Filter>
    </ClInclude>
    <ClInclude Include="..\AoC_Day20\ImageEnhancement.h">
      <Filter>Day 20</Filter>
    </ClInclude>
    <ClInclude Include="..\AoC_Day21\Dirac.h">
      <Filter>Day 21</Filter>
    </ClInclude>
    <ClInclude Include="..\AoC_Day22\Reactor.h">
      <Filter>Day 22</Filter>
    </ClInclude>
    <ClInclude Include="..\AoC_Day25\Cucumber.h">
      <Filter>Day 25</Filter>
    </ClInclude>
  </ItemGroup>
</Project>