
Microsoft Visual Studio Solution File, Format Version 12.00
# Visual Studio 15
VisualStudioVersion = 15.0.28307.1525
MinimumVisualStudioVersion = 10.0.40219.1
Project("{8BC9CEB8-8B4A-11D0-8D11-00A0C91BC942}") = "AoC_Day08", "AoC_Day08\AoC_Day08.vcxproj", "{61F18754-FE75-4CAA-B35C-F928FF3AD105}"
EndProject
Global
	GlobalSection(SolutionConfigurationPlatforms) = preSolution
		Debug|x64 = Debug|x64
		Debug|x86 = Debug|x86
		Release|x64 = Release|x64
		Release|x86 = Release|x86
	EndGlobalSection
	GlobalSection(ProjectConfigurationPlatforms) = postSolution
		{61F18754-FE75-4CAA-B35C-F928FF3AD105}.Debug|x64.ActiveCfg = Debug|x64
		{61F18754-FE75-4CAA-B35C-F928FF3AD105}.Debug|x64.Build.0 = Debug|x64
		{61F18754-FE75-4CAA-B35C-F928FF3AD105}.Debug|x86.ActiveCfg = Debug|Win32
		{61F18754-FE75-4CAA-B35C-F928FF3AD105}.Debug|x86.Build.0 = Debug|Win32
		{61F18754-FE75-4CAA-B35C-F928FF3AD105}.Release|x64.ActiveCfg = Release|x64
		{61F18754-FE75-4CAA-B35C-F928FF3AD105}.Release|x64.Build.0 = Release|x64
		{61F18754-FE75-4CAA-B35C-F928FF3AD105}.Release|x86.ActiveCfg = Release|Win32
		{61F18754-FE75-4CAA-B35C-F928FF3AD105}.Release|x86.Build.0 = Release|Win32
	EndGlobalSection
	GlobalSection(SolutionProperties) = preSolution
		HideSolutionNode = FALSE
	EndGlobalSection
	GlobalSection(ExtensibilityGlobals) = postSolution
		SolutionGuid = {6FF51E40-BFB9-4B46-9922-D7B93661214C}
	EndGlobalSection
EndGlobal
